// !$*UTF8*$!
{
	archiveVersion = 1;
	classes = {
	};
	objectVersion = 56;
	objects = {

/* Begin PBXBuildFile section */
		BA027564296E1A2C00CC3A34 /* AlertPresenter.swift in Sources */ = {isa = PBXBuildFile; fileRef = BA027563296E1A2C00CC3A34 /* AlertPresenter.swift */; };
		BA027566296EAEB200CC3A34 /* CustomErrors.swift in Sources */ = {isa = PBXBuildFile; fileRef = BA027565296EAEB200CC3A34 /* CustomErrors.swift */; };
		BA252DA929702C7900C9333D /* AlertModel.swift in Sources */ = {isa = PBXBuildFile; fileRef = BA252DA829702C7900C9333D /* AlertModel.swift */; };
		BA384B952955894500000CCE /* SplashViewController.swift in Sources */ = {isa = PBXBuildFile; fileRef = BA384B942955894500000CCE /* SplashViewController.swift */; };
		BA5703EF295068F800FAC403 /* OAuthTokenResponse.swift in Sources */ = {isa = PBXBuildFile; fileRef = BA5703EE295068F800FAC403 /* OAuthTokenResponse.swift */; };
		BA5703F229506BD600FAC403 /* OAuth2Service.swift in Sources */ = {isa = PBXBuildFile; fileRef = BA5703F129506BD600FAC403 /* OAuth2Service.swift */; };
		BA5D56F5292E924C00264CC2 /* ImagesListCell.swift in Sources */ = {isa = PBXBuildFile; fileRef = BA5D56F4292E924C00264CC2 /* ImagesListCell.swift */; };
		BA5D852A292AAA34000D3168 /* YS Display-Bold.ttf in Resources */ = {isa = PBXBuildFile; fileRef = BA5D8528292AAA34000D3168 /* YS Display-Bold.ttf */; };
		BA5D852B292AAA34000D3168 /* YS Display-Medium.ttf in Resources */ = {isa = PBXBuildFile; fileRef = BA5D8529292AAA34000D3168 /* YS Display-Medium.ttf */; };
		BA6F4E5F2929171D0026FC74 /* AppDelegate.swift in Sources */ = {isa = PBXBuildFile; fileRef = BA6F4E5E2929171D0026FC74 /* AppDelegate.swift */; };
		BA6F4E612929171D0026FC74 /* SceneDelegate.swift in Sources */ = {isa = PBXBuildFile; fileRef = BA6F4E602929171D0026FC74 /* SceneDelegate.swift */; };
		BA6F4E632929171D0026FC74 /* ImagesListViewController.swift in Sources */ = {isa = PBXBuildFile; fileRef = BA6F4E622929171D0026FC74 /* ImagesListViewController.swift */; };
		BA6F4E662929171D0026FC74 /* Main.storyboard in Resources */ = {isa = PBXBuildFile; fileRef = BA6F4E642929171D0026FC74 /* Main.storyboard */; };
		BA6F4E682929171E0026FC74 /* Assets.xcassets in Resources */ = {isa = PBXBuildFile; fileRef = BA6F4E672929171E0026FC74 /* Assets.xcassets */; };
		BA6F4E6B2929171E0026FC74 /* LaunchScreen.storyboard in Resources */ = {isa = PBXBuildFile; fileRef = BA6F4E692929171E0026FC74 /* LaunchScreen.storyboard */; };
		BA73290C294C676C00B5768B /* Constants.swift in Sources */ = {isa = PBXBuildFile; fileRef = BA73290B294C676C00B5768B /* Constants.swift */; };
		BA73290F294C8CBB00B5768B /* AuhtViewController.swift in Sources */ = {isa = PBXBuildFile; fileRef = BA73290E294C8CBB00B5768B /* AuhtViewController.swift */; };
		BA732911294CA5FF00B5768B /* WebViewViewController.swift in Sources */ = {isa = PBXBuildFile; fileRef = BA732910294CA5FF00B5768B /* WebViewViewController.swift */; };
		BA8ECFD62954825000756578 /* OAuth2TokenStorage.swift in Sources */ = {isa = PBXBuildFile; fileRef = BA8ECFD52954825000756578 /* OAuth2TokenStorage.swift */; };
		BA918A5E29394AB800824C21 /* ProfileViewController.swift in Sources */ = {isa = PBXBuildFile; fileRef = BA918A5D29394AB800824C21 /* ProfileViewController.swift */; };
		BA9228AB2962052F005F4C29 /* ProgressHUD in Frameworks */ = {isa = PBXBuildFile; productRef = BA9228AA2962052F005F4C29 /* ProgressHUD */; };
		BA93D59E29716AF5009E69E4 /* Kingfisher in Frameworks */ = {isa = PBXBuildFile; productRef = BA93D59D29716AF5009E69E4 /* Kingfisher */; };
		BAB09AA3293E013A0032032B /* SingleImageViewController.swift in Sources */ = {isa = PBXBuildFile; fileRef = BAB09AA2293E013A0032032B /* SingleImageViewController.swift */; };
		BABA7DD5296B565B00D22A20 /* ProfileImageService.swift in Sources */ = {isa = PBXBuildFile; fileRef = BABA7DD4296B565B00D22A20 /* ProfileImageService.swift */; };
		BABA7DD7296B569B00D22A20 /* UserResult.swift in Sources */ = {isa = PBXBuildFile; fileRef = BABA7DD6296B569B00D22A20 /* UserResult.swift */; };
		BABA7DDA296C87D300D22A20 /* URLSessionExtension.swift in Sources */ = {isa = PBXBuildFile; fileRef = BABA7DD9296C87D300D22A20 /* URLSessionExtension.swift */; };
		BAE3E141296456DF002E1B69 /* UIBlockingProgressHUD.swift in Sources */ = {isa = PBXBuildFile; fileRef = BAE3E140296456DF002E1B69 /* UIBlockingProgressHUD.swift */; };
		BAE3E144296485E7002E1B69 /* ProfileService.swift in Sources */ = {isa = PBXBuildFile; fileRef = BAE3E143296485E7002E1B69 /* ProfileService.swift */; };
		BAE3E146296490D8002E1B69 /* ProfileResult.swift in Sources */ = {isa = PBXBuildFile; fileRef = BAE3E145296490D8002E1B69 /* ProfileResult.swift */; };
		BAE3E1482964954E002E1B69 /* Profile.swift in Sources */ = {isa = PBXBuildFile; fileRef = BAE3E1472964954E002E1B69 /* Profile.swift */; };
/* End PBXBuildFile section */

/* Begin PBXFileReference section */
		BA027563296E1A2C00CC3A34 /* AlertPresenter.swift */ = {isa = PBXFileReference; lastKnownFileType = sourcecode.swift; path = AlertPresenter.swift; sourceTree = "<group>"; };
		BA027565296EAEB200CC3A34 /* CustomErrors.swift */ = {isa = PBXFileReference; lastKnownFileType = sourcecode.swift; path = CustomErrors.swift; sourceTree = "<group>"; };
		BA252DA829702C7900C9333D /* AlertModel.swift */ = {isa = PBXFileReference; lastKnownFileType = sourcecode.swift; path = AlertModel.swift; sourceTree = "<group>"; };
		BA384B942955894500000CCE /* SplashViewController.swift */ = {isa = PBXFileReference; lastKnownFileType = sourcecode.swift; path = SplashViewController.swift; sourceTree = "<group>"; };
		BA5703EE295068F800FAC403 /* OAuthTokenResponse.swift */ = {isa = PBXFileReference; lastKnownFileType = sourcecode.swift; path = OAuthTokenResponse.swift; sourceTree = "<group>"; };
		BA5703F129506BD600FAC403 /* OAuth2Service.swift */ = {isa = PBXFileReference; lastKnownFileType = sourcecode.swift; path = OAuth2Service.swift; sourceTree = "<group>"; };
		BA5D56F4292E924C00264CC2 /* ImagesListCell.swift */ = {isa = PBXFileReference; lastKnownFileType = sourcecode.swift; path = ImagesListCell.swift; sourceTree = "<group>"; };
		BA5D8528292AAA34000D3168 /* YS Display-Bold.ttf */ = {isa = PBXFileReference; lastKnownFileType = file; path = "YS Display-Bold.ttf"; sourceTree = "<group>"; };
		BA5D8529292AAA34000D3168 /* YS Display-Medium.ttf */ = {isa = PBXFileReference; lastKnownFileType = file; path = "YS Display-Medium.ttf"; sourceTree = "<group>"; };
		BA6F4E5B2929171D0026FC74 /* ImageFeed.app */ = {isa = PBXFileReference; explicitFileType = wrapper.application; includeInIndex = 0; path = ImageFeed.app; sourceTree = BUILT_PRODUCTS_DIR; };
		BA6F4E5E2929171D0026FC74 /* AppDelegate.swift */ = {isa = PBXFileReference; lastKnownFileType = sourcecode.swift; lineEnding = 0; path = AppDelegate.swift; sourceTree = "<group>"; };
		BA6F4E602929171D0026FC74 /* SceneDelegate.swift */ = {isa = PBXFileReference; lastKnownFileType = sourcecode.swift; path = SceneDelegate.swift; sourceTree = "<group>"; };
		BA6F4E622929171D0026FC74 /* ImagesListViewController.swift */ = {isa = PBXFileReference; lastKnownFileType = sourcecode.swift; path = ImagesListViewController.swift; sourceTree = "<group>"; };
		BA6F4E652929171D0026FC74 /* Base */ = {isa = PBXFileReference; lastKnownFileType = file.storyboard; name = Base; path = Base.lproj/Main.storyboard; sourceTree = "<group>"; };
		BA6F4E672929171E0026FC74 /* Assets.xcassets */ = {isa = PBXFileReference; lastKnownFileType = folder.assetcatalog; path = Assets.xcassets; sourceTree = "<group>"; };
		BA6F4E6A2929171E0026FC74 /* Base */ = {isa = PBXFileReference; lastKnownFileType = file.storyboard; name = Base; path = Base.lproj/LaunchScreen.storyboard; sourceTree = "<group>"; };
		BA6F4E6C2929171E0026FC74 /* Info.plist */ = {isa = PBXFileReference; lastKnownFileType = text.plist.xml; path = Info.plist; sourceTree = "<group>"; };
		BA73290B294C676C00B5768B /* Constants.swift */ = {isa = PBXFileReference; lastKnownFileType = sourcecode.swift; path = Constants.swift; sourceTree = "<group>"; };
		BA73290E294C8CBB00B5768B /* AuhtViewController.swift */ = {isa = PBXFileReference; lastKnownFileType = sourcecode.swift; path = AuhtViewController.swift; sourceTree = "<group>"; };
		BA732910294CA5FF00B5768B /* WebViewViewController.swift */ = {isa = PBXFileReference; lastKnownFileType = sourcecode.swift; path = WebViewViewController.swift; sourceTree = "<group>"; };
		BA8ECFD52954825000756578 /* OAuth2TokenStorage.swift */ = {isa = PBXFileReference; lastKnownFileType = sourcecode.swift; path = OAuth2TokenStorage.swift; sourceTree = "<group>"; };
		BA918A5D29394AB800824C21 /* ProfileViewController.swift */ = {isa = PBXFileReference; lastKnownFileType = sourcecode.swift; path = ProfileViewController.swift; sourceTree = "<group>"; };
		BAB09AA2293E013A0032032B /* SingleImageViewController.swift */ = {isa = PBXFileReference; lastKnownFileType = sourcecode.swift; path = SingleImageViewController.swift; sourceTree = "<group>"; };
		BABA7DD4296B565B00D22A20 /* ProfileImageService.swift */ = {isa = PBXFileReference; lastKnownFileType = sourcecode.swift; path = ProfileImageService.swift; sourceTree = "<group>"; };
		BABA7DD6296B569B00D22A20 /* UserResult.swift */ = {isa = PBXFileReference; lastKnownFileType = sourcecode.swift; path = UserResult.swift; sourceTree = "<group>"; };
		BABA7DD9296C87D300D22A20 /* URLSessionExtension.swift */ = {isa = PBXFileReference; lastKnownFileType = sourcecode.swift; path = URLSessionExtension.swift; sourceTree = "<group>"; };
		BAE3E140296456DF002E1B69 /* UIBlockingProgressHUD.swift */ = {isa = PBXFileReference; lastKnownFileType = sourcecode.swift; path = UIBlockingProgressHUD.swift; sourceTree = "<group>"; };
		BAE3E143296485E7002E1B69 /* ProfileService.swift */ = {isa = PBXFileReference; lastKnownFileType = sourcecode.swift; path = ProfileService.swift; sourceTree = "<group>"; };
		BAE3E145296490D8002E1B69 /* ProfileResult.swift */ = {isa = PBXFileReference; lastKnownFileType = sourcecode.swift; path = ProfileResult.swift; sourceTree = "<group>"; };
		BAE3E1472964954E002E1B69 /* Profile.swift */ = {isa = PBXFileReference; lastKnownFileType = sourcecode.swift; path = Profile.swift; sourceTree = "<group>"; };
/* End PBXFileReference section */

/* Begin PBXFrameworksBuildPhase section */
		BA6F4E582929171D0026FC74 /* Frameworks */ = {
			isa = PBXFrameworksBuildPhase;
			buildActionMask = 2147483647;
			files = (
				BA93D59E29716AF5009E69E4 /* Kingfisher in Frameworks */,
				BA9228AB2962052F005F4C29 /* ProgressHUD in Frameworks */,
			);
			runOnlyForDeploymentPostprocessing = 0;
		};
/* End PBXFrameworksBuildPhase section */

/* Begin PBXGroup section */
		BA027562296E1A1000CC3A34 /* AlertPresenter */ = {
			isa = PBXGroup;
			children = (
				BA027563296E1A2C00CC3A34 /* AlertPresenter.swift */,
			);
			path = AlertPresenter;
			sourceTree = "<group>";
		};
		BA1B8607295DBAEB0082B485 /* WebView */ = {
			isa = PBXGroup;
			children = (
				BA732910294CA5FF00B5768B /* WebViewViewController.swift */,
			);
			path = WebView;
			sourceTree = "<group>";
		};
		BA1B8608295DBB4F0082B485 /* ViewControllers */ = {
			isa = PBXGroup;
			children = (
				BA027562296E1A1000CC3A34 /* AlertPresenter */,
				BA5D56F6292E927300264CC2 /* ImageList */,
				BAB09AA4293E01CF0032032B /* SingleImageView */,
				BA918A5C29394A7C00824C21 /* ProfileView */,
				BA73290D294C8C7600B5768B /* AuthView */,
				BA1B8607295DBAEB0082B485 /* WebView */,
				BA555633295A266C00BA557E /* SplashView */,
			);
			path = ViewControllers;
			sourceTree = "<group>";
		};
		BA1B8609295DBBC00082B485 /* OAuth2.0 */ = {
			isa = PBXGroup;
			children = (
				BA5703F129506BD600FAC403 /* OAuth2Service.swift */,
				BA8ECFD52954825000756578 /* OAuth2TokenStorage.swift */,
			);
			path = OAuth2.0;
			sourceTree = "<group>";
		};
		BA555633295A266C00BA557E /* SplashView */ = {
			isa = PBXGroup;
			children = (
				BA384B942955894500000CCE /* SplashViewController.swift */,
			);
			path = SplashView;
			sourceTree = "<group>";
		};
		BA5703ED295068D200FAC403 /* Models */ = {
			isa = PBXGroup;
			children = (
				BA5703EE295068F800FAC403 /* OAuthTokenResponse.swift */,
				BAE3E145296490D8002E1B69 /* ProfileResult.swift */,
				BAE3E1472964954E002E1B69 /* Profile.swift */,
				BABA7DD6296B569B00D22A20 /* UserResult.swift */,
				BA027565296EAEB200CC3A34 /* CustomErrors.swift */,
				BA252DA829702C7900C9333D /* AlertModel.swift */,
			);
			path = Models;
			sourceTree = "<group>";
		};
		BA5703F029506BAB00FAC403 /* Services */ = {
			isa = PBXGroup;
			children = (
				BABA7DD8296C879700D22A20 /* URLSessionExtension */,
				BAE3E142296485C3002E1B69 /* ProfileService */,
				BAE3E13F296456A7002E1B69 /* UIBlockingProgressHUD */,
				BA1B8609295DBBC00082B485 /* OAuth2.0 */,
			);
			path = Services;
			sourceTree = "<group>";
		};
		BA5D56F6292E927300264CC2 /* ImageList */ = {
			isa = PBXGroup;
			children = (
				BA5D56F4292E924C00264CC2 /* ImagesListCell.swift */,
				BA6F4E622929171D0026FC74 /* ImagesListViewController.swift */,
			);
			path = ImageList;
			sourceTree = "<group>";
		};
		BA5D8525292AA954000D3168 /* Resources */ = {
			isa = PBXGroup;
			children = (
				BA5D8527292AA9E2000D3168 /* Fonts */,
				BA6F4E692929171E0026FC74 /* LaunchScreen.storyboard */,
				BA6F4E672929171E0026FC74 /* Assets.xcassets */,
				BA6F4E6C2929171E0026FC74 /* Info.plist */,
			);
			path = Resources;
			sourceTree = "<group>";
		};
		BA5D8526292AA990000D3168 /* Presentation */ = {
			isa = PBXGroup;
			children = (
				BA6F4E642929171D0026FC74 /* Main.storyboard */,
			);
			path = Presentation;
			sourceTree = "<group>";
		};
		BA5D8527292AA9E2000D3168 /* Fonts */ = {
			isa = PBXGroup;
			children = (
				BA5D8528292AAA34000D3168 /* YS Display-Bold.ttf */,
				BA5D8529292AAA34000D3168 /* YS Display-Medium.ttf */,
			);
			path = Fonts;
			sourceTree = "<group>";
		};
		BA6F4E522929171D0026FC74 = {
			isa = PBXGroup;
			children = (
				BA6F4E5D2929171D0026FC74 /* ImageFeed */,
				BA6F4E5C2929171D0026FC74 /* Products */,
			);
			sourceTree = "<group>";
		};
		BA6F4E5C2929171D0026FC74 /* Products */ = {
			isa = PBXGroup;
			children = (
				BA6F4E5B2929171D0026FC74 /* ImageFeed.app */,
			);
			name = Products;
			sourceTree = "<group>";
		};
		BA6F4E5D2929171D0026FC74 /* ImageFeed */ = {
			isa = PBXGroup;
			children = (
				BA1B8608295DBB4F0082B485 /* ViewControllers */,
				BA5703F029506BAB00FAC403 /* Services */,
				BA5703ED295068D200FAC403 /* Models */,
				BA5D8526292AA990000D3168 /* Presentation */,
				BA5D8525292AA954000D3168 /* Resources */,
				BA6F4E5E2929171D0026FC74 /* AppDelegate.swift */,
				BA6F4E602929171D0026FC74 /* SceneDelegate.swift */,
			);
			path = ImageFeed;
			sourceTree = "<group>";
		};
		BA73290D294C8C7600B5768B /* AuthView */ = {
			isa = PBXGroup;
			children = (
				BA73290B294C676C00B5768B /* Constants.swift */,
				BA73290E294C8CBB00B5768B /* AuhtViewController.swift */,
			);
			path = AuthView;
			sourceTree = "<group>";
		};
		BA918A5C29394A7C00824C21 /* ProfileView */ = {
			isa = PBXGroup;
			children = (
				BA918A5D29394AB800824C21 /* ProfileViewController.swift */,
			);
			path = ProfileView;
			sourceTree = "<group>";
		};
		BAB09AA4293E01CF0032032B /* SingleImageView */ = {
			isa = PBXGroup;
			children = (
				BAB09AA2293E013A0032032B /* SingleImageViewController.swift */,
			);
			path = SingleImageView;
			sourceTree = "<group>";
		};
		BABA7DD8296C879700D22A20 /* URLSessionExtension */ = {
			isa = PBXGroup;
			children = (
				BABA7DD9296C87D300D22A20 /* URLSessionExtension.swift */,
			);
			path = URLSessionExtension;
			sourceTree = "<group>";
		};
		BAE3E13F296456A7002E1B69 /* UIBlockingProgressHUD */ = {
			isa = PBXGroup;
			children = (
				BAE3E140296456DF002E1B69 /* UIBlockingProgressHUD.swift */,
			);
			path = UIBlockingProgressHUD;
			sourceTree = "<group>";
		};
		BAE3E142296485C3002E1B69 /* ProfileService */ = {
			isa = PBXGroup;
			children = (
				BAE3E143296485E7002E1B69 /* ProfileService.swift */,
				BABA7DD4296B565B00D22A20 /* ProfileImageService.swift */,
			);
			path = ProfileService;
			sourceTree = "<group>";
		};
/* End PBXGroup section */

/* Begin PBXNativeTarget section */
		BA6F4E5A2929171D0026FC74 /* ImageFeed */ = {
			isa = PBXNativeTarget;
			buildConfigurationList = BA6F4E6F2929171E0026FC74 /* Build configuration list for PBXNativeTarget "ImageFeed" */;
			buildPhases = (
				BA6F4E572929171D0026FC74 /* Sources */,
				BA6F4E582929171D0026FC74 /* Frameworks */,
				BA6F4E592929171D0026FC74 /* Resources */,
			);
			buildRules = (
			);
			dependencies = (
			);
			name = ImageFeed;
			packageProductDependencies = (
				BA9228AA2962052F005F4C29 /* ProgressHUD */,
				BA93D59D29716AF5009E69E4 /* Kingfisher */,
			);
			productName = ImageFeed;
			productReference = BA6F4E5B2929171D0026FC74 /* ImageFeed.app */;
			productType = "com.apple.product-type.application";
		};
/* End PBXNativeTarget section */

/* Begin PBXProject section */
		BA6F4E532929171D0026FC74 /* Project object */ = {
			isa = PBXProject;
			attributes = {
				BuildIndependentTargetsInParallel = 1;
				LastSwiftUpdateCheck = 1410;
				LastUpgradeCheck = 1410;
				TargetAttributes = {
					BA6F4E5A2929171D0026FC74 = {
						CreatedOnToolsVersion = 14.1;
					};
				};
			};
			buildConfigurationList = BA6F4E562929171D0026FC74 /* Build configuration list for PBXProject "ImageFeed" */;
			compatibilityVersion = "Xcode 14.0";
			developmentRegion = en;
			hasScannedForEncodings = 0;
			knownRegions = (
				en,
				Base,
			);
			mainGroup = BA6F4E522929171D0026FC74;
			packageReferences = (
				BA9228A92962052F005F4C29 /* XCRemoteSwiftPackageReference "ProgressHUD" */,
				BA93D59C29716AF5009E69E4 /* XCRemoteSwiftPackageReference "Kingfisher" */,
			);
			productRefGroup = BA6F4E5C2929171D0026FC74 /* Products */;
			projectDirPath = "";
			projectRoot = "";
			targets = (
				BA6F4E5A2929171D0026FC74 /* ImageFeed */,
			);
		};
/* End PBXProject section */

/* Begin PBXResourcesBuildPhase section */
		BA6F4E592929171D0026FC74 /* Resources */ = {
			isa = PBXResourcesBuildPhase;
			buildActionMask = 2147483647;
			files = (
				BA6F4E6B2929171E0026FC74 /* LaunchScreen.storyboard in Resources */,
				BA6F4E682929171E0026FC74 /* Assets.xcassets in Resources */,
				BA6F4E662929171D0026FC74 /* Main.storyboard in Resources */,
				BA5D852A292AAA34000D3168 /* YS Display-Bold.ttf in Resources */,
				BA5D852B292AAA34000D3168 /* YS Display-Medium.ttf in Resources */,
			);
			runOnlyForDeploymentPostprocessing = 0;
		};
/* End PBXResourcesBuildPhase section */

/* Begin PBXSourcesBuildPhase section */
		BA6F4E572929171D0026FC74 /* Sources */ = {
			isa = PBXSourcesBuildPhase;
			buildActionMask = 2147483647;
			files = (
				BABA7DDA296C87D300D22A20 /* URLSessionExtension.swift in Sources */,
				BAE3E1482964954E002E1B69 /* Profile.swift in Sources */,
				BA8ECFD62954825000756578 /* OAuth2TokenStorage.swift in Sources */,
				BA6F4E632929171D0026FC74 /* ImagesListViewController.swift in Sources */,
				BA6F4E5F2929171D0026FC74 /* AppDelegate.swift in Sources */,
				BA918A5E29394AB800824C21 /* ProfileViewController.swift in Sources */,
				BA5D56F5292E924C00264CC2 /* ImagesListCell.swift in Sources */,
				BA5703F229506BD600FAC403 /* OAuth2Service.swift in Sources */,
				BA027564296E1A2C00CC3A34 /* AlertPresenter.swift in Sources */,
				BA027566296EAEB200CC3A34 /* CustomErrors.swift in Sources */,
				BA384B952955894500000CCE /* SplashViewController.swift in Sources */,
				BA73290F294C8CBB00B5768B /* AuhtViewController.swift in Sources */,
				BA73290C294C676C00B5768B /* Constants.swift in Sources */,
				BA252DA929702C7900C9333D /* AlertModel.swift in Sources */,
				BA5703EF295068F800FAC403 /* OAuthTokenResponse.swift in Sources */,
				BABA7DD7296B569B00D22A20 /* UserResult.swift in Sources */,
				BAB09AA3293E013A0032032B /* SingleImageViewController.swift in Sources */,
				BA732911294CA5FF00B5768B /* WebViewViewController.swift in Sources */,
				BA6F4E612929171D0026FC74 /* SceneDelegate.swift in Sources */,
				BAE3E141296456DF002E1B69 /* UIBlockingProgressHUD.swift in Sources */,
				BABA7DD5296B565B00D22A20 /* ProfileImageService.swift in Sources */,
				BAE3E146296490D8002E1B69 /* ProfileResult.swift in Sources */,
				BAE3E144296485E7002E1B69 /* ProfileService.swift in Sources */,
			);
			runOnlyForDeploymentPostprocessing = 0;
		};
/* End PBXSourcesBuildPhase section */

/* Begin PBXVariantGroup section */
		BA6F4E642929171D0026FC74 /* Main.storyboard */ = {
			isa = PBXVariantGroup;
			children = (
				BA6F4E652929171D0026FC74 /* Base */,
			);
			name = Main.storyboard;
			sourceTree = "<group>";
		};
		BA6F4E692929171E0026FC74 /* LaunchScreen.storyboard */ = {
			isa = PBXVariantGroup;
			children = (
				BA6F4E6A2929171E0026FC74 /* Base */,
			);
			name = LaunchScreen.storyboard;
			sourceTree = "<group>";
		};
/* End PBXVariantGroup section */

/* Begin XCBuildConfiguration section */
		BA6F4E6D2929171E0026FC74 /* Debug */ = {
			isa = XCBuildConfiguration;
			buildSettings = {
				ALWAYS_SEARCH_USER_PATHS = NO;
				CLANG_ANALYZER_NONNULL = YES;
				CLANG_ANALYZER_NUMBER_OBJECT_CONVERSION = YES_AGGRESSIVE;
				CLANG_CXX_LANGUAGE_STANDARD = "gnu++20";
				CLANG_ENABLE_MODULES = YES;
				CLANG_ENABLE_OBJC_ARC = YES;
				CLANG_ENABLE_OBJC_WEAK = YES;
				CLANG_WARN_BLOCK_CAPTURE_AUTORELEASING = YES;
				CLANG_WARN_BOOL_CONVERSION = YES;
				CLANG_WARN_COMMA = YES;
				CLANG_WARN_CONSTANT_CONVERSION = YES;
				CLANG_WARN_DEPRECATED_OBJC_IMPLEMENTATIONS = YES;
				CLANG_WARN_DIRECT_OBJC_ISA_USAGE = YES_ERROR;
				CLANG_WARN_DOCUMENTATION_COMMENTS = YES;
				CLANG_WARN_EMPTY_BODY = YES;
				CLANG_WARN_ENUM_CONVERSION = YES;
				CLANG_WARN_INFINITE_RECURSION = YES;
				CLANG_WARN_INT_CONVERSION = YES;
				CLANG_WARN_NON_LITERAL_NULL_CONVERSION = YES;
				CLANG_WARN_OBJC_IMPLICIT_RETAIN_SELF = YES;
				CLANG_WARN_OBJC_LITERAL_CONVERSION = YES;
				CLANG_WARN_OBJC_ROOT_CLASS = YES_ERROR;
				CLANG_WARN_QUOTED_INCLUDE_IN_FRAMEWORK_HEADER = YES;
				CLANG_WARN_RANGE_LOOP_ANALYSIS = YES;
				CLANG_WARN_STRICT_PROTOTYPES = YES;
				CLANG_WARN_SUSPICIOUS_MOVE = YES;
				CLANG_WARN_UNGUARDED_AVAILABILITY = YES_AGGRESSIVE;
				CLANG_WARN_UNREACHABLE_CODE = YES;
				CLANG_WARN__DUPLICATE_METHOD_MATCH = YES;
				COPY_PHASE_STRIP = NO;
				DEBUG_INFORMATION_FORMAT = dwarf;
				ENABLE_STRICT_OBJC_MSGSEND = YES;
				ENABLE_TESTABILITY = YES;
				GCC_C_LANGUAGE_STANDARD = gnu11;
				GCC_DYNAMIC_NO_PIC = NO;
				GCC_NO_COMMON_BLOCKS = YES;
				GCC_OPTIMIZATION_LEVEL = 0;
				GCC_PREPROCESSOR_DEFINITIONS = (
					"DEBUG=1",
					"$(inherited)",
				);
				GCC_WARN_64_TO_32_BIT_CONVERSION = YES;
				GCC_WARN_ABOUT_RETURN_TYPE = YES_ERROR;
				GCC_WARN_UNDECLARED_SELECTOR = YES;
				GCC_WARN_UNINITIALIZED_AUTOS = YES_AGGRESSIVE;
				GCC_WARN_UNUSED_FUNCTION = YES;
				GCC_WARN_UNUSED_VARIABLE = YES;
				IPHONEOS_DEPLOYMENT_TARGET = 16.1;
				MTL_ENABLE_DEBUG_INFO = INCLUDE_SOURCE;
				MTL_FAST_MATH = YES;
				ONLY_ACTIVE_ARCH = YES;
				SDKROOT = iphoneos;
				SWIFT_ACTIVE_COMPILATION_CONDITIONS = DEBUG;
				SWIFT_OPTIMIZATION_LEVEL = "-Onone";
			};
			name = Debug;
		};
		BA6F4E6E2929171E0026FC74 /* Release */ = {
			isa = XCBuildConfiguration;
			buildSettings = {
				ALWAYS_SEARCH_USER_PATHS = NO;
				CLANG_ANALYZER_NONNULL = YES;
				CLANG_ANALYZER_NUMBER_OBJECT_CONVERSION = YES_AGGRESSIVE;
				CLANG_CXX_LANGUAGE_STANDARD = "gnu++20";
				CLANG_ENABLE_MODULES = YES;
				CLANG_ENABLE_OBJC_ARC = YES;
				CLANG_ENABLE_OBJC_WEAK = YES;
				CLANG_WARN_BLOCK_CAPTURE_AUTORELEASING = YES;
				CLANG_WARN_BOOL_CONVERSION = YES;
				CLANG_WARN_COMMA = YES;
				CLANG_WARN_CONSTANT_CONVERSION = YES;
				CLANG_WARN_DEPRECATED_OBJC_IMPLEMENTATIONS = YES;
				CLANG_WARN_DIRECT_OBJC_ISA_USAGE = YES_ERROR;
				CLANG_WARN_DOCUMENTATION_COMMENTS = YES;
				CLANG_WARN_EMPTY_BODY = YES;
				CLANG_WARN_ENUM_CONVERSION = YES;
				CLANG_WARN_INFINITE_RECURSION = YES;
				CLANG_WARN_INT_CONVERSION = YES;
				CLANG_WARN_NON_LITERAL_NULL_CONVERSION = YES;
				CLANG_WARN_OBJC_IMPLICIT_RETAIN_SELF = YES;
				CLANG_WARN_OBJC_LITERAL_CONVERSION = YES;
				CLANG_WARN_OBJC_ROOT_CLASS = YES_ERROR;
				CLANG_WARN_QUOTED_INCLUDE_IN_FRAMEWORK_HEADER = YES;
				CLANG_WARN_RANGE_LOOP_ANALYSIS = YES;
				CLANG_WARN_STRICT_PROTOTYPES = YES;
				CLANG_WARN_SUSPICIOUS_MOVE = YES;
				CLANG_WARN_UNGUARDED_AVAILABILITY = YES_AGGRESSIVE;
				CLANG_WARN_UNREACHABLE_CODE = YES;
				CLANG_WARN__DUPLICATE_METHOD_MATCH = YES;
				COPY_PHASE_STRIP = NO;
				DEBUG_INFORMATION_FORMAT = "dwarf-with-dsym";
				ENABLE_NS_ASSERTIONS = NO;
				ENABLE_STRICT_OBJC_MSGSEND = YES;
				GCC_C_LANGUAGE_STANDARD = gnu11;
				GCC_NO_COMMON_BLOCKS = YES;
				GCC_WARN_64_TO_32_BIT_CONVERSION = YES;
				GCC_WARN_ABOUT_RETURN_TYPE = YES_ERROR;
				GCC_WARN_UNDECLARED_SELECTOR = YES;
				GCC_WARN_UNINITIALIZED_AUTOS = YES_AGGRESSIVE;
				GCC_WARN_UNUSED_FUNCTION = YES;
				GCC_WARN_UNUSED_VARIABLE = YES;
				IPHONEOS_DEPLOYMENT_TARGET = 16.1;
				MTL_ENABLE_DEBUG_INFO = NO;
				MTL_FAST_MATH = YES;
				SDKROOT = iphoneos;
				SWIFT_COMPILATION_MODE = wholemodule;
				SWIFT_OPTIMIZATION_LEVEL = "-O";
				VALIDATE_PRODUCT = YES;
			};
			name = Release;
		};
		BA6F4E702929171E0026FC74 /* Debug */ = {
			isa = XCBuildConfiguration;
			buildSettings = {
				ASSETCATALOG_COMPILER_APPICON_NAME = AppIcon;
				ASSETCATALOG_COMPILER_GLOBAL_ACCENT_COLOR_NAME = AccentColor;
				CODE_SIGN_STYLE = Automatic;
				CURRENT_PROJECT_VERSION = 1;
				DEVELOPMENT_TEAM = 253UYY58R5;
				GENERATE_INFOPLIST_FILE = YES;
				INFOPLIST_FILE = ImageFeed/Resources/Info.plist;
				INFOPLIST_KEY_UIApplicationSupportsIndirectInputEvents = YES;
				INFOPLIST_KEY_UILaunchStoryboardName = LaunchScreen;
				INFOPLIST_KEY_UIMainStoryboardFile = Main;
				INFOPLIST_KEY_UIStatusBarStyle = "";
				INFOPLIST_KEY_UISupportedInterfaceOrientations = UIInterfaceOrientationPortrait;
				INFOPLIST_KEY_UISupportedInterfaceOrientations_iPad = UIInterfaceOrientationLandscapeRight;
				IPHONEOS_DEPLOYMENT_TARGET = 13.0;
				LD_RUNPATH_SEARCH_PATHS = (
					"$(inherited)",
					"@executable_path/Frameworks",
				);
				MARKETING_VERSION = 1.0;
				PRODUCT_BUNDLE_IDENTIFIER = ru.github.roma685235423.ImageFeed;
				PRODUCT_NAME = "$(TARGET_NAME)";
				SUPPORTED_PLATFORMS = "iphoneos iphonesimulator";
				SUPPORTS_MACCATALYST = NO;
				SUPPORTS_MAC_DESIGNED_FOR_IPHONE_IPAD = NO;
				SWIFT_EMIT_LOC_STRINGS = YES;
				SWIFT_VERSION = 5.0;
				TARGETED_DEVICE_FAMILY = 1;
			};
			name = Debug;
		};
		BA6F4E712929171E0026FC74 /* Release */ = {
			isa = XCBuildConfiguration;
			buildSettings = {
				ASSETCATALOG_COMPILER_APPICON_NAME = AppIcon;
				ASSETCATALOG_COMPILER_GLOBAL_ACCENT_COLOR_NAME = AccentColor;
				CODE_SIGN_STYLE = Automatic;
				CURRENT_PROJECT_VERSION = 1;
				DEVELOPMENT_TEAM = 253UYY58R5;
				GENERATE_INFOPLIST_FILE = YES;
				INFOPLIST_FILE = ImageFeed/Resources/Info.plist;
				INFOPLIST_KEY_UIApplicationSupportsIndirectInputEvents = YES;
				INFOPLIST_KEY_UILaunchStoryboardName = LaunchScreen;
				INFOPLIST_KEY_UIMainStoryboardFile = Main;
				INFOPLIST_KEY_UIStatusBarStyle = "";
				INFOPLIST_KEY_UISupportedInterfaceOrientations = UIInterfaceOrientationPortrait;
				INFOPLIST_KEY_UISupportedInterfaceOrientations_iPad = UIInterfaceOrientationLandscapeRight;
				IPHONEOS_DEPLOYMENT_TARGET = 13.0;
				LD_RUNPATH_SEARCH_PATHS = (
					"$(inherited)",
					"@executable_path/Frameworks",
				);
				MARKETING_VERSION = 1.0;
				PRODUCT_BUNDLE_IDENTIFIER = ru.github.roma685235423.ImageFeed;
				PRODUCT_NAME = "$(TARGET_NAME)";
				SUPPORTED_PLATFORMS = "iphoneos iphonesimulator";
				SUPPORTS_MACCATALYST = NO;
				SUPPORTS_MAC_DESIGNED_FOR_IPHONE_IPAD = NO;
				SWIFT_EMIT_LOC_STRINGS = YES;
				SWIFT_VERSION = 5.0;
				TARGETED_DEVICE_FAMILY = 1;
			};
			name = Release;
		};
/* End XCBuildConfiguration section */

/* Begin XCConfigurationList section */
		BA6F4E562929171D0026FC74 /* Build configuration list for PBXProject "ImageFeed" */ = {
			isa = XCConfigurationList;
			buildConfigurations = (
				BA6F4E6D2929171E0026FC74 /* Debug */,
				BA6F4E6E2929171E0026FC74 /* Release */,
			);
			defaultConfigurationIsVisible = 0;
			defaultConfigurationName = Release;
		};
		BA6F4E6F2929171E0026FC74 /* Build configuration list for PBXNativeTarget "ImageFeed" */ = {
			isa = XCConfigurationList;
			buildConfigurations = (
				BA6F4E702929171E0026FC74 /* Debug */,
				BA6F4E712929171E0026FC74 /* Release */,
			);
			defaultConfigurationIsVisible = 0;
			defaultConfigurationName = Release;
		};
/* End XCConfigurationList section */

/* Begin XCRemoteSwiftPackageReference section */
		BA9228A92962052F005F4C29 /* XCRemoteSwiftPackageReference "ProgressHUD" */ = {
			isa = XCRemoteSwiftPackageReference;
			repositoryURL = "https://github.com/relatedcode/ProgressHUD";
			requirement = {
				kind = exactVersion;
				version = 13.6.2;
			};
		};
		BA93D59C29716AF5009E69E4 /* XCRemoteSwiftPackageReference "Kingfisher" */ = {
			isa = XCRemoteSwiftPackageReference;
			repositoryURL = "https://github.com/onevcat/Kingfisher";
			requirement = {
				kind = upToNextMajorVersion;
				minimumVersion = 7.0.0;
			};
		};
/* End XCRemoteSwiftPackageReference section */

/* Begin XCSwiftPackageProductDependency section */
		BA9228AA2962052F005F4C29 /* ProgressHUD */ = {
			isa = XCSwiftPackageProductDependency;
			package = BA9228A92962052F005F4C29 /* XCRemoteSwiftPackageReference "ProgressHUD" */;
			productName = ProgressHUD;
		};
		BA93D59D29716AF5009E69E4 /* Kingfisher */ = {
			isa = XCSwiftPackageProductDependency;
			package = BA93D59C29716AF5009E69E4 /* XCRemoteSwiftPackageReference "Kingfisher" */;
			productName = Kingfisher;
		};
/* End XCSwiftPackageProductDependency section */
	};
	rootObject = BA6F4E532929171D0026FC74 /* Project object */;
}
